// !$*UTF8*$!
{
	archiveVersion = 1;
	classes = {
	};
	objectVersion = 46;
	objects = {

/* Begin PBXBuildFile section */
		DD6A16B51CFCAD6900B0E1A0 /* AppDelegate.swift in Sources */ = {isa = PBXBuildFile; fileRef = DD6A16B41CFCAD6900B0E1A0 /* AppDelegate.swift */; };
		DD6A16BA1CFCAD6900B0E1A0 /* Main.storyboard in Resources */ = {isa = PBXBuildFile; fileRef = DD6A16B81CFCAD6900B0E1A0 /* Main.storyboard */; };
		DD6A16BC1CFCAD6900B0E1A0 /* Assets.xcassets in Resources */ = {isa = PBXBuildFile; fileRef = DD6A16BB1CFCAD6900B0E1A0 /* Assets.xcassets */; };
		DD6A16BF1CFCAD6900B0E1A0 /* LaunchScreen.storyboard in Resources */ = {isa = PBXBuildFile; fileRef = DD6A16BD1CFCAD6900B0E1A0 /* LaunchScreen.storyboard */; };
		DD6A16C81CFCAE3B00B0E1A0 /* TweetTableViewController.swift in Sources */ = {isa = PBXBuildFile; fileRef = DD6A16C71CFCAE3B00B0E1A0 /* TweetTableViewController.swift */; };
		DD6A16CF1CFCB1F500B0E1A0 /* Twitter.framework in Frameworks */ = {isa = PBXBuildFile; fileRef = DD6A16CE1CFCB1F500B0E1A0 /* Twitter.framework */; };
		DD6A16D11CFCBB2C00B0E1A0 /* TweetTableViewCell.swift in Sources */ = {isa = PBXBuildFile; fileRef = DD6A16D01CFCBB2C00B0E1A0 /* TweetTableViewCell.swift */; };
		DD6A16D41CFE05A600B0E1A0 /* DetialTableViewController.swift in Sources */ = {isa = PBXBuildFile; fileRef = DD6A16D31CFE05A600B0E1A0 /* DetialTableViewController.swift */; };
		DD7B0DD91CFE2A7700A882B8 /* ImageTableViewCell.swift in Sources */ = {isa = PBXBuildFile; fileRef = DD7B0DD81CFE2A7700A882B8 /* ImageTableViewCell.swift */; };
		DD7B0DDB1CFE906300A882B8 /* ImageViewController.swift in Sources */ = {isa = PBXBuildFile; fileRef = DD7B0DDA1CFE906300A882B8 /* ImageViewController.swift */; };
		DD7B0DDD1CFF395D00A882B8 /* RecentsTableViewController.swift in Sources */ = {isa = PBXBuildFile; fileRef = DD7B0DDC1CFF395D00A882B8 /* RecentsTableViewController.swift */; };
/* End PBXBuildFile section */

/* Begin PBXFileReference section */
		DD6A16B11CFCAD6900B0E1A0 /* SmashTag.app */ = {isa = PBXFileReference; explicitFileType = wrapper.application; includeInIndex = 0; path = SmashTag.app; sourceTree = BUILT_PRODUCTS_DIR; };
		DD6A16B41CFCAD6900B0E1A0 /* AppDelegate.swift */ = {isa = PBXFileReference; lastKnownFileType = sourcecode.swift; path = AppDelegate.swift; sourceTree = "<group>"; };
		DD6A16B91CFCAD6900B0E1A0 /* Base */ = {isa = PBXFileReference; lastKnownFileType = file.storyboard; name = Base; path = Base.lproj/Main.storyboard; sourceTree = "<group>"; };
		DD6A16BB1CFCAD6900B0E1A0 /* Assets.xcassets */ = {isa = PBXFileReference; lastKnownFileType = folder.assetcatalog; path = Assets.xcassets; sourceTree = "<group>"; };
		DD6A16BE1CFCAD6900B0E1A0 /* Base */ = {isa = PBXFileReference; lastKnownFileType = file.storyboard; name = Base; path = Base.lproj/LaunchScreen.storyboard; sourceTree = "<group>"; };
		DD6A16C01CFCAD6900B0E1A0 /* Info.plist */ = {isa = PBXFileReference; lastKnownFileType = text.plist.xml; path = Info.plist; sourceTree = "<group>"; };
		DD6A16C71CFCAE3B00B0E1A0 /* TweetTableViewController.swift */ = {isa = PBXFileReference; fileEncoding = 4; lastKnownFileType = sourcecode.swift; path = TweetTableViewController.swift; sourceTree = "<group>"; };
		DD6A16CE1CFCB1F500B0E1A0 /* Twitter.framework */ = {isa = PBXFileReference; lastKnownFileType = wrapper.framework; name = Twitter.framework; path = "../../Library/Developer/Xcode/DerivedData/SmashTag-djvnsjyzexkqvbbzxjvxmmgpmibp/Build/Products/Debug-iphoneos/Twitter.framework"; sourceTree = "<group>"; };
		DD6A16D01CFCBB2C00B0E1A0 /* TweetTableViewCell.swift */ = {isa = PBXFileReference; fileEncoding = 4; lastKnownFileType = sourcecode.swift; path = TweetTableViewCell.swift; sourceTree = "<group>"; };
		DD6A16D31CFE05A600B0E1A0 /* DetialTableViewController.swift */ = {isa = PBXFileReference; fileEncoding = 4; lastKnownFileType = sourcecode.swift; path = DetialTableViewController.swift; sourceTree = "<group>"; };
		DD7B0DD81CFE2A7700A882B8 /* ImageTableViewCell.swift */ = {isa = PBXFileReference; fileEncoding = 4; lastKnownFileType = sourcecode.swift; path = ImageTableViewCell.swift; sourceTree = "<group>"; };
		DD7B0DDA1CFE906300A882B8 /* ImageViewController.swift */ = {isa = PBXFileReference; fileEncoding = 4; lastKnownFileType = sourcecode.swift; path = ImageViewController.swift; sourceTree = "<group>"; };
		DD7B0DDC1CFF395D00A882B8 /* RecentsTableViewController.swift */ = {isa = PBXFileReference; fileEncoding = 4; lastKnownFileType = sourcecode.swift; path = RecentsTableViewController.swift; sourceTree = "<group>"; };
/* End PBXFileReference section */

/* Begin PBXFrameworksBuildPhase section */
		DD6A16AE1CFCAD6900B0E1A0 /* Frameworks */ = {
			isa = PBXFrameworksBuildPhase;
			buildActionMask = 2147483647;
			files = (
				DD6A16CF1CFCB1F500B0E1A0 /* Twitter.framework in Frameworks */,
			);
			runOnlyForDeploymentPostprocessing = 0;
		};
/* End PBXFrameworksBuildPhase section */

/* Begin PBXGroup section */
		DD6A16A81CFCAD6900B0E1A0 = {
			isa = PBXGroup;
			children = (
				DD6A16CE1CFCB1F500B0E1A0 /* Twitter.framework */,
				DD6A16B31CFCAD6900B0E1A0 /* SmashTag */,
				DD6A16B21CFCAD6900B0E1A0 /* Products */,
			);
			sourceTree = "<group>";
		};
		DD6A16B21CFCAD6900B0E1A0 /* Products */ = {
			isa = PBXGroup;
			children = (
				DD6A16B11CFCAD6900B0E1A0 /* SmashTag.app */,
			);
			name = Products;
			sourceTree = "<group>";
		};
		DD6A16B31CFCAD6900B0E1A0 /* SmashTag */ = {
			isa = PBXGroup;
			children = (
				DD7B0DDC1CFF395D00A882B8 /* RecentsTableViewController.swift */,
				DD7B0DDA1CFE906300A882B8 /* ImageViewController.swift */,
				DD7B0DD81CFE2A7700A882B8 /* ImageTableViewCell.swift */,
				DD6A16D31CFE05A600B0E1A0 /* DetialTableViewController.swift */,
				DD6A16B81CFCAD6900B0E1A0 /* Main.storyboard */,
				DD6A16C71CFCAE3B00B0E1A0 /* TweetTableViewController.swift */,
				DD6A16D01CFCBB2C00B0E1A0 /* TweetTableViewCell.swift */,
				DD6A16C61CFCADDE00B0E1A0 /* Supporting Files */,
			);
			path = SmashTag;
			sourceTree = "<group>";
		};
		DD6A16C61CFCADDE00B0E1A0 /* Supporting Files */ = {
			isa = PBXGroup;
			children = (
				DD6A16B41CFCAD6900B0E1A0 /* AppDelegate.swift */,
				DD6A16BB1CFCAD6900B0E1A0 /* Assets.xcassets */,
				DD6A16BD1CFCAD6900B0E1A0 /* LaunchScreen.storyboard */,
				DD6A16C01CFCAD6900B0E1A0 /* Info.plist */,
			);
			name = "Supporting Files";
			sourceTree = "<group>";
		};
/* End PBXGroup section */

/* Begin PBXNativeTarget section */
		DD6A16B01CFCAD6900B0E1A0 /* SmashTag */ = {
			isa = PBXNativeTarget;
			buildConfigurationList = DD6A16C31CFCAD6900B0E1A0 /* Build configuration list for PBXNativeTarget "SmashTag" */;
			buildPhases = (
				DD6A16AD1CFCAD6900B0E1A0 /* Sources */,
				DD6A16AE1CFCAD6900B0E1A0 /* Frameworks */,
				DD6A16AF1CFCAD6900B0E1A0 /* Resources */,
			);
			buildRules = (
			);
			dependencies = (
			);
			name = SmashTag;
			productName = SmashTag;
			productReference = DD6A16B11CFCAD6900B0E1A0 /* SmashTag.app */;
			productType = "com.apple.product-type.application";
		};
/* End PBXNativeTarget section */

/* Begin PBXProject section */
		DD6A16A91CFCAD6900B0E1A0 /* Project object */ = {
			isa = PBXProject;
			attributes = {
				LastSwiftUpdateCheck = 0730;
				LastUpgradeCheck = 0730;
				ORGANIZATIONNAME = Yifan;
				TargetAttributes = {
					DD6A16B01CFCAD6900B0E1A0 = {
						CreatedOnToolsVersion = 7.3.1;
						DevelopmentTeam = CY28H8F7X8;
					};
				};
			};
			buildConfigurationList = DD6A16AC1CFCAD6900B0E1A0 /* Build configuration list for PBXProject "SmashTag" */;
			compatibilityVersion = "Xcode 3.2";
			developmentRegion = English;
			hasScannedForEncodings = 0;
			knownRegions = (
				en,
				Base,
			);
			mainGroup = DD6A16A81CFCAD6900B0E1A0;
			productRefGroup = DD6A16B21CFCAD6900B0E1A0 /* Products */;
			projectDirPath = "";
			projectRoot = "";
			targets = (
				DD6A16B01CFCAD6900B0E1A0 /* SmashTag */,
			);
		};
/* End PBXProject section */

/* Begin PBXResourcesBuildPhase section */
		DD6A16AF1CFCAD6900B0E1A0 /* Resources */ = {
			isa = PBXResourcesBuildPhase;
			buildActionMask = 2147483647;
			files = (
				DD6A16BF1CFCAD6900B0E1A0 /* LaunchScreen.storyboard in Resources */,
				DD6A16BC1CFCAD6900B0E1A0 /* Assets.xcassets in Resources */,
				DD6A16BA1CFCAD6900B0E1A0 /* Main.storyboard in Resources */,
			);
			runOnlyForDeploymentPostprocessing = 0;
		};
/* End PBXResourcesBuildPhase section */

/* Begin PBXSourcesBuildPhase section */
		DD6A16AD1CFCAD6900B0E1A0 /* Sources */ = {
			isa = PBXSourcesBuildPhase;
			buildActionMask = 2147483647;
			files = (
				DD6A16D41CFE05A600B0E1A0 /* DetialTableViewController.swift in Sources */,
				DD6A16B51CFCAD6900B0E1A0 /* AppDelegate.swift in Sources */,
				DD7B0DD91CFE2A7700A882B8 /* ImageTableViewCell.swift in Sources */,
				DD6A16C81CFCAE3B00B0E1A0 /* TweetTableViewController.swift in Sources */,
				DD7B0DDD1CFF395D00A882B8 /* RecentsTableViewController.swift in Sources */,
				DD7B0DDB1CFE906300A882B8 /* ImageViewController.swift in Sources */,
				DD6A16D11CFCBB2C00B0E1A0 /* TweetTableViewCell.swift in Sources */,
			);
			runOnlyForDeploymentPostprocessing = 0;
		};
/* End PBXSourcesBuildPhase section */

/* Begin PBXVariantGroup section */
		DD6A16B81CFCAD6900B0E1A0 /* Main.storyboard */ = {
			isa = PBXVariantGroup;
			children = (
				DD6A16B91CFCAD6900B0E1A0 /* Base */,
			);
			name = Main.storyboard;
			sourceTree = "<group>";
		};
		DD6A16BD1CFCAD6900B0E1A0 /* LaunchScreen.storyboard */ = {
			isa = PBXVariantGroup;
			children = (
				DD6A16BE1CFCAD6900B0E1A0 /* Base */,
			);
			name = LaunchScreen.storyboard;
			sourceTree = "<group>";
		};
/* End PBXVariantGroup section */

/* Begin XCBuildConfiguration section */
		DD6A16C11CFCAD6900B0E1A0 /* Debug */ = {
			isa = XCBuildConfiguration;
			buildSettings = {
				ALWAYS_SEARCH_USER_PATHS = NO;
				CLANG_ANALYZER_NONNULL = YES;
				CLANG_CXX_LANGUAGE_STANDARD = "gnu++0x";
				CLANG_CXX_LIBRARY = "libc++";
				CLANG_ENABLE_MODULES = YES;
				CLANG_ENABLE_OBJC_ARC = YES;
				CLANG_WARN_BOOL_CONVERSION = YES;
				CLANG_WARN_CONSTANT_CONVERSION = YES;
				CLANG_WARN_DIRECT_OBJC_ISA_USAGE = YES_ERROR;
				CLANG_WARN_EMPTY_BODY = YES;
				CLANG_WARN_ENUM_CONVERSION = YES;
				CLANG_WARN_INT_CONVERSION = YES;
				CLANG_WARN_OBJC_ROOT_CLASS = YES_ERROR;
				CLANG_WARN_UNREACHABLE_CODE = YES;
				CLANG_WARN__DUPLICATE_METHOD_MATCH = YES;
				"CODE_SIGN_IDENTITY[sdk=iphoneos*]" = "iPhone Developer";
				COPY_PHASE_STRIP = NO;
				DEBUG_INFORMATION_FORMAT = dwarf;
				ENABLE_STRICT_OBJC_MSGSEND = YES;
				ENABLE_TESTABILITY = YES;
				GCC_C_LANGUAGE_STANDARD = gnu99;
				GCC_DYNAMIC_NO_PIC = NO;
				GCC_NO_COMMON_BLOCKS = YES;
				GCC_OPTIMIZATION_LEVEL = 0;
				GCC_PREPROCESSOR_DEFINITIONS = (
					"DEBUG=1",
					"$(inherited)",
				);
				GCC_WARN_64_TO_32_BIT_CONVERSION = YES;
				GCC_WARN_ABOUT_RETURN_TYPE = YES_ERROR;
				GCC_WARN_UNDECLARED_SELECTOR = YES;
				GCC_WARN_UNINITIALIZED_AUTOS = YES_AGGRESSIVE;
				GCC_WARN_UNUSED_FUNCTION = YES;
				GCC_WARN_UNUSED_VARIABLE = YES;
				IPHONEOS_DEPLOYMENT_TARGET = 9.3;
				MTL_ENABLE_DEBUG_INFO = YES;
				ONLY_ACTIVE_ARCH = YES;
				SDKROOT = iphoneos;
				SWIFT_OPTIMIZATION_LEVEL = "-Onone";
			};
			name = Debug;
		};
		DD6A16C21CFCAD6900B0E1A0 /* Release */ = {
			isa = XCBuildConfiguration;
			buildSettings = {
				ALWAYS_SEARCH_USER_PATHS = NO;
				CLANG_ANALYZER_NONNULL = YES;
				CLANG_CXX_LANGUAGE_STANDARD = "gnu++0x";
				CLANG_CXX_LIBRARY = "libc++";
				CLANG_ENABLE_MODULES = YES;
				CLANG_ENABLE_OBJC_ARC = YES;
				CLANG_WARN_BOOL_CONVERSION = YES;
				CLANG_WARN_CONSTANT_CONVERSION = YES;
				CLANG_WARN_DIRECT_OBJC_ISA_USAGE = YES_ERROR;
				CLANG_WARN_EMPTY_BODY = YES;
				CLANG_WARN_ENUM_CONVERSION = YES;
				CLANG_WARN_INT_CONVERSION = YES;
				CLANG_WARN_OBJC_ROOT_CLASS = YES_ERROR;
				CLANG_WARN_UNREACHABLE_CODE = YES;
				CLANG_WARN__DUPLICATE_METHOD_MATCH = YES;
				"CODE_SIGN_IDENTITY[sdk=iphoneos*]" = "iPhone Developer";
				COPY_PHASE_STRIP = NO;
				DEBUG_INFORMATION_FORMAT = "dwarf-with-dsym";
				ENABLE_NS_ASSERTIONS = NO;
				ENABLE_STRICT_OBJC_MSGSEND = YES;
				GCC_C_LANGUAGE_STANDARD = gnu99;
				GCC_NO_COMMON_BLOCKS = YES;
				GCC_WARN_64_TO_32_BIT_CONVERSION = YES;
				GCC_WARN_ABOUT_RETURN_TYPE = YES_ERROR;
				GCC_WARN_UNDECLARED_SELECTOR = YES;
				GCC_WARN_UNINITIALIZED_AUTOS = YES_AGGRESSIVE;
				GCC_WARN_UNUSED_FUNCTION = YES;
				GCC_WARN_UNUSED_VARIABLE = YES;
				IPHONEOS_DEPLOYMENT_TARGET = 9.3;
				MTL_ENABLE_DEBUG_INFO = NO;
				SDKROOT = iphoneos;
				VALIDATE_PRODUCT = YES;
			};
			name = Release;
		};
		DD6A16C41CFCAD6900B0E1A0 /* Debug */ = {
			isa = XCBuildConfiguration;
			buildSettings = {
				ASSETCATALOG_COMPILER_APPICON_NAME = AppIcon;
				CODE_SIGN_IDENTITY = "iPhone Developer";
				"CODE_SIGN_IDENTITY[sdk=iphoneos*]" = "iPhone Developer";
				INFOPLIST_FILE = SmashTag/Info.plist;
				LD_RUNPATH_SEARCH_PATHS = "$(inherited) @executable_path/Frameworks";
				PRODUCT_BUNDLE_IDENTIFIER = edu.duke.ant.yifan.SmashTag;
				PRODUCT_NAME = "$(TARGET_NAME)";
				PROVISIONING_PROFILE = "";
			};
			name = Debug;
		};
		DD6A16C51CFCAD6900B0E1A0 /* Release */ = {
			isa = XCBuildConfiguration;
			buildSettings = {
				ASSETCATALOG_COMPILER_APPICON_NAME = AppIcon;
				CODE_SIGN_IDENTITY = "iPhone Developer";
				"CODE_SIGN_IDENTITY[sdk=iphoneos*]" = "iPhone Developer";
				INFOPLIST_FILE = SmashTag/Info.plist;
				LD_RUNPATH_SEARCH_PATHS = "$(inherited) @executable_path/Frameworks";
				PRODUCT_BUNDLE_IDENTIFIER = edu.duke.ant.yifan.SmashTag;
				PRODUCT_NAME = "$(TARGET_NAME)";
				PROVISIONING_PROFILE = "";
			};
			name = Release;
		};
/* End XCBuildConfiguration section */

/* Begin XCConfigurationList section */
		DD6A16AC1CFCAD6900B0E1A0 /* Build configuration list for PBXProject "SmashTag" */ = {
			isa = XCConfigurationList;
			buildConfigurations = (
				DD6A16C11CFCAD6900B0E1A0 /* Debug */,
				DD6A16C21CFCAD6900B0E1A0 /* Release */,
			);
			defaultConfigurationIsVisible = 0;
			defaultConfigurationName = Release;
		};
		DD6A16C31CFCAD6900B0E1A0 /* Build configuration list for PBXNativeTarget "SmashTag" */ = {
			isa = XCConfigurationList;
			buildConfigurations = (
				DD6A16C41CFCAD6900B0E1A0 /* Debug */,
				DD6A16C51CFCAD6900B0E1A0 /* Release */,
			);
			defaultConfigurationIsVisible = 0;
			defaultConfigurationName = Release;
		};
/* End XCConfigurationList section */
	};
	rootObject = DD6A16A91CFCAD6900B0E1A0 /* Project object */;
}
